{
  "name": "data-curation-tool",
  "lockfileVersion": 3,
  "requires": true,
  "packages": {
    "": {
      "devDependencies": {
        "@types/lodash.merge": "^4.6.9"
      }
    },
    "node_modules/@types/lodash": {
      "version": "4.14.202",
      "resolved": "https://registry.npmjs.org/@types/lodash/-/lodash-4.14.202.tgz",
      "integrity": "sha512-OvlIYQK9tNneDlS0VN54LLd5uiPCBOp7gS5Z0f1mjoJYBrtStzgmJBxONW3U6OZqdtNzZPmn9BS/7WI7BFFcFQ==",
      "dev": true
    },
    "node_modules/@types/lodash.merge": {
      "version": "4.6.9",
      "resolved": "https://registry.npmjs.org/@types/lodash.merge/-/lodash.merge-4.6.9.tgz",
      "integrity": "sha512-23sHDPmzd59kUgWyKGiOMO2Qb9YtqRO/x4IhkgNUiPQ1+5MUVqi6bCZeq9nBJ17msjIMbEIO5u+XW4Kz6aGUhQ==",
      "dev": true,
      "dependencies": {
        "@types/lodash": "*"
      }
    }
  }
}
